
Microsoft Visual Studio Solution File, Format Version 12.00
# Visual Studio 15
VisualStudioVersion = 15.0.28307.168
MinimumVisualStudioVersion = 10.0.40219.1
Project("{FAE04EC0-301F-11D3-BF4B-00C04F79EFBC}") = "MyScript.InteractiveInk.GetStarted.Wpf-VS2017", "GetStarted\MyScript.InteractiveInk.GetStarted.Wpf-VS2017.csproj", "{5D7ED6D6-673A-4F5A-91AF-2D037563DEDE}"
EndProject
Project("{FAE04EC0-301F-11D3-BF4B-00C04F79EFBC}") = "MyScript.InteractiveInk.UIReferenceImplementation.Wpf-VS2017", "UIReferenceImplementation\MyScript.InteractiveInk.UIReferenceImplementation.Wpf-VS2017.csproj", "{8ED3CB31-D4B5-4B82-8C15-F6C31BBE520D}"
EndProject
Project("{FAE04EC0-301F-11D3-BF4B-00C04F79EFBC}") = "MyScript.InteractiveInk.Demo.Wpf-VS2017", "Demo\MyScript.InteractiveInk.Demo.Wpf-VS2017.csproj", "{B3222351-CDD3-42A7-9AD3-36E8D6322AEC}"
EndProject
Global
	GlobalSection(SolutionConfigurationPlatforms) = preSolution
		Debug|x64 = Debug|x64
		Release|x64 = Release|x64
	EndGlobalSection
	GlobalSection(ProjectConfigurationPlatforms) = postSolution
		{5D7ED6D6-673A-4F5A-91AF-2D037563DEDE}.Debug|x64.ActiveCfg = Debug|x64
		{5D7ED6D6-673A-4F5A-91AF-2D037563DEDE}.Debug|x64.Build.0 = Debug|x64
		{5D7ED6D6-673A-4F5A-91AF-2D037563DEDE}.Release|x64.ActiveCfg = Release|x64
		{5D7ED6D6-673A-4F5A-91AF-2D037563DEDE}.Release|x64.Build.0 = Release|x64
		{8ED3CB31-D4B5-4B82-8C15-F6C31BBE520D}.Debug|x64.ActiveCfg = Debug|x64
		{8ED3CB31-D4B5-4B82-8C15-F6C31BBE520D}.Debug|x64.Build.0 = Debug|x64
		{8ED3CB31-D4B5-4B82-8C15-F6C31BBE520D}.Release|x64.ActiveCfg = Release|x64
		{8ED3CB31-D4B5-4B82-8C15-F6C31BBE520D}.Release|x64.Build.0 = Release|x64
		{B3222351-CDD3-42A7-9AD3-36E8D6322AEC}.Debug|x64.ActiveCfg = Debug|x64
		{B3222351-CDD3-42A7-9AD3-36E8D6322AEC}.Debug|x64.Build.0 = Debug|x64
		{B3222351-CDD3-42A7-9AD3-36E8D6322AEC}.Release|x64.ActiveCfg = Release|x64
		{B3222351-CDD3-42A7-9AD3-36E8D6322AEC}.Release|x64.Build.0 = Release|x64
	EndGlobalSection
	GlobalSection(SolutionProperties) = preSolution
		HideSolutionNode = FALSE
	EndGlobalSection
	GlobalSection(ExtensibilityGlobals) = postSolution
		SolutionGuid = {05711AAC-3C70-4850-B3C7-9086E12F9EA1}
	EndGlobalSection
EndGlobal
