
Microsoft Visual Studio Solution File, Format Version 12.00
# Visual Studio 14
VisualStudioVersion = 14.0.25420.1
MinimumVisualStudioVersion = 10.0.40219.1
Project("{FAE04EC0-301F-11D3-BF4B-00C04F79EFBC}") = "MyScript.InteractiveInk.GetStarted.Wpf", "GetStarted\MyScript.InteractiveInk.GetStarted.Wpf-VS2017.csproj", "{5D7ED6D6-673A-4F5A-91AF-2D037563DEDE}"
EndProject
Project("{FAE04EC0-301F-11D3-BF4B-00C04F79EFBC}") = "MyScript.InteractiveInk.UIReferenceImplementation.Wpf", "UIReferenceImplementation\MyScript.InteractiveInk.UIReferenceImplementation.Wpf-VS2017.csproj", "{8ED3CB31-D4B5-4B82-8C15-F6C31BBE520D}"
EndProject
Project("{FAE04EC0-301F-11D3-BF4B-00C04F79EFBC}") = "MyScript.InteractiveInk.Demo.Wpf", "Demo\MyScript.InteractiveInk.Demo.Wpf-VS2017.csproj", "{B3222351-CDD3-42A7-9AD3-36E8D6322AEC}"
EndProject
Global
	GlobalSection(SolutionConfigurationPlatforms) = preSolution
		Debug|Any CPU = Debug|Any CPU
		Debug|x64 = Debug|x64
		Debug|x86 = Debug|x86
		Release|Any CPU = Release|Any CPU
		Release|x64 = Release|x64
		Release|x86 = Release|x86
	EndGlobalSection
	GlobalSection(ProjectConfigurationPlatforms) = postSolution
		{5D7ED6D6-673A-4F5A-91AF-2D037563DEDE}.Debug|Any CPU.ActiveCfg = Debug|Any CPU
		{5D7ED6D6-673A-4F5A-91AF-2D037563DEDE}.Debug|Any CPU.Build.0 = Debug|Any CPU
		{5D7ED6D6-673A-4F5A-91AF-2D037563DEDE}.Debug|x64.ActiveCfg = Debug|x64
		{5D7ED6D6-673A-4F5A-91AF-2D037563DEDE}.Debug|x64.Build.0 = Debug|x64
		{5D7ED6D6-673A-4F5A-91AF-2D037563DEDE}.Debug|x86.ActiveCfg = Debug|x86
		{5D7ED6D6-673A-4F5A-91AF-2D037563DEDE}.Debug|x86.Build.0 = Debug|x86
		{5D7ED6D6-673A-4F5A-91AF-2D037563DEDE}.Release|Any CPU.ActiveCfg = Release|Any CPU
		{5D7ED6D6-673A-4F5A-91AF-2D037563DEDE}.Release|Any CPU.Build.0 = Release|Any CPU
		{5D7ED6D6-673A-4F5A-91AF-2D037563DEDE}.Release|x64.ActiveCfg = Release|x64
		{5D7ED6D6-673A-4F5A-91AF-2D037563DEDE}.Release|x64.Build.0 = Release|x64
		{5D7ED6D6-673A-4F5A-91AF-2D037563DEDE}.Release|x86.ActiveCfg = Release|x86
		{5D7ED6D6-673A-4F5A-91AF-2D037563DEDE}.Release|x86.Build.0 = Release|x86
		{8ED3CB31-D4B5-4B82-8C15-F6C31BBE520D}.Debug|Any CPU.ActiveCfg = Debug|Any CPU
		{8ED3CB31-D4B5-4B82-8C15-F6C31BBE520D}.Debug|Any CPU.Build.0 = Debug|Any CPU
		{8ED3CB31-D4B5-4B82-8C15-F6C31BBE520D}.Debug|x64.ActiveCfg = Debug|x64
		{8ED3CB31-D4B5-4B82-8C15-F6C31BBE520D}.Debug|x64.Build.0 = Debug|x64
		{8ED3CB31-D4B5-4B82-8C15-F6C31BBE520D}.Debug|x86.ActiveCfg = Debug|x86
		{8ED3CB31-D4B5-4B82-8C15-F6C31BBE520D}.Debug|x86.Build.0 = Debug|x86
		{8ED3CB31-D4B5-4B82-8C15-F6C31BBE520D}.Release|Any CPU.ActiveCfg = Release|Any CPU
		{8ED3CB31-D4B5-4B82-8C15-F6C31BBE520D}.Release|Any CPU.Build.0 = Release|Any CPU
		{8ED3CB31-D4B5-4B82-8C15-F6C31BBE520D}.Release|x64.ActiveCfg = Release|x64
		{8ED3CB31-D4B5-4B82-8C15-F6C31BBE520D}.Release|x64.Build.0 = Release|x64
		{8ED3CB31-D4B5-4B82-8C15-F6C31BBE520D}.Release|x86.ActiveCfg = Release|x86
		{8ED3CB31-D4B5-4B82-8C15-F6C31BBE520D}.Release|x86.Build.0 = Release|x86
		{B3222351-CDD3-42A7-9AD3-36E8D6322AEC}.Debug|Any CPU.ActiveCfg = Debug|Any CPU
		{B3222351-CDD3-42A7-9AD3-36E8D6322AEC}.Debug|Any CPU.Build.0 = Debug|Any CPU
		{B3222351-CDD3-42A7-9AD3-36E8D6322AEC}.Debug|x64.ActiveCfg = Debug|x64
		{B3222351-CDD3-42A7-9AD3-36E8D6322AEC}.Debug|x64.Build.0 = Debug|x64
		{B3222351-CDD3-42A7-9AD3-36E8D6322AEC}.Debug|x86.ActiveCfg = Debug|x86
		{B3222351-CDD3-42A7-9AD3-36E8D6322AEC}.Debug|x86.Build.0 = Debug|x86
		{B3222351-CDD3-42A7-9AD3-36E8D6322AEC}.Release|Any CPU.ActiveCfg = Release|Any CPU
		{B3222351-CDD3-42A7-9AD3-36E8D6322AEC}.Release|Any CPU.Build.0 = Release|Any CPU
		{B3222351-CDD3-42A7-9AD3-36E8D6322AEC}.Release|x64.ActiveCfg = Release|x64
		{B3222351-CDD3-42A7-9AD3-36E8D6322AEC}.Release|x64.Build.0 = Release|x64
		{B3222351-CDD3-42A7-9AD3-36E8D6322AEC}.Release|x86.ActiveCfg = Release|x86
		{B3222351-CDD3-42A7-9AD3-36E8D6322AEC}.Release|x86.Build.0 = Release|x86
	EndGlobalSection
	GlobalSection(SolutionProperties) = preSolution
		HideSolutionNode = FALSE
	EndGlobalSection
EndGlobal
